lockfileVersion: '6.0'

settings:
  autoInstallPeers: true
  excludeLinksFromLockfile: false

dependencies:
  '@decs/typeschema':
    specifier: ^0.10.2
    version: 0.10.2(zod@3.22.2)
  '@opentelemetry/api':
    specifier: ^1.4.1
    version: 1.4.1
  '@opentelemetry/instrumentation':
    specifier: ^0.41.2
    version: 0.41.2(@opentelemetry/api@1.4.1)
  '@opentelemetry/sdk-trace-node':
    specifier: ^1.15.2
    version: 1.15.2(@opentelemetry/api@1.4.1)
  bun-types:
    specifier: ^0.7.3
    version: 0.7.3
  classnames:
    specifier: ^2.3.2
    version: 2.3.2
  pino:
    specifier: ^8.15.0
    version: 8.15.0
  react:
    specifier: 18.2.0
    version: 18.2.0
  react-dom:
    specifier: 18.2.0
    version: 18.2.0(react@18.2.0)
  typescript:
    specifier: 5.1.6
    version: 5.1.6
  zod:
    specifier: ^3.22.2
    version: 3.22.2

devDependencies:
  '@types/react':
    specifier: ^18.2.20
    version: 18.2.20
  '@types/react-dom':
    specifier: ^18.2.7
    version: 18.2.7
  pino-pretty:
    specifier: ^10.2.0
    version: 10.2.0

packages:

  /@decs/typeschema@0.10.2(zod@3.22.2):
    resolution: {integrity: sha512-5Mtpwg8I11hwB+ndlFtDbmQKZTjoCsqMV8eVn+21nm28jlIn8uwRRqGmNIhT4TE9/JxKtGWSgTTiilmhe3S0Pw==}
    peerDependencies:
      '@deepkit/type': ^1.0.1-alpha.97
      '@effect/data': ^0.17.6
      '@effect/io': ^0.38.2
      '@effect/schema': ^0.33.2
      '@sinclair/typebox': ^0.31.0
      ajv: ^8.12.0
      arktype: ^1.0.19-alpha
      fp-ts: ^2.16.0
      io-ts: ^2.2.20
      joi: ^17.9.2
      ow: ^0.28.2
      runtypes: ^6.7.0
      superstruct: ^1.0.3
      valibot: ^0.13.1
      vite: ^4.4.9
      yup: ^1.2.0
      zod: ^3.21.4
    peerDependenciesMeta:
      '@deepkit/type':
        optional: true
      '@effect/data':
        optional: true
      '@effect/io':
        optional: true
      '@effect/schema':
        optional: true
      '@sinclair/typebox':
        optional: true
      ajv:
        optional: true
      arktype:
        optional: true
      fp-ts:
        optional: true
      io-ts:
        optional: true
      joi:
        optional: true
      ow:
        optional: true
      runtypes:
        optional: true
      superstruct:
        optional: true
      valibot:
        optional: true
      vite:
        optional: true
      yup:
        optional: true
      zod:
        optional: true
    dependencies:
      zod: 3.22.2
    dev: false

  /@opentelemetry/api@1.4.1:
    resolution: {integrity: sha512-O2yRJce1GOc6PAy3QxFM4NzFiWzvScDC1/5ihYBL6BUEVdq0XMWN01sppE+H6bBXbaFYipjwFLEWLg5PaSOThA==}
    engines: {node: '>=8.0.0'}
    dev: false

  /@opentelemetry/context-async-hooks@1.15.2(@opentelemetry/api@1.4.1):
    resolution: {integrity: sha512-VAMHG67srGFQDG/N2ns5AyUT9vUcoKpZ/NpJ5fDQIPfJd7t3ju+aHwvDsMcrYBWuCh03U3Ky6o16+872CZchBg==}
    engines: {node: '>=14'}
    peerDependencies:
      '@opentelemetry/api': '>=1.0.0 <1.5.0'
    dependencies:
      '@opentelemetry/api': 1.4.1
    dev: false

  /@opentelemetry/core@1.15.2(@opentelemetry/api@1.4.1):
    resolution: {integrity: sha512-+gBv15ta96WqkHZaPpcDHiaz0utiiHZVfm2YOYSqFGrUaJpPkMoSuLBB58YFQGi6Rsb9EHos84X6X5+9JspmLw==}
    engines: {node: '>=14'}
    peerDependencies:
      '@opentelemetry/api': '>=1.0.0 <1.5.0'
    dependencies:
      '@opentelemetry/api': 1.4.1
      '@opentelemetry/semantic-conventions': 1.15.2
    dev: false

  /@opentelemetry/instrumentation@0.41.2(@opentelemetry/api@1.4.1):
    resolution: {integrity: sha512-rxU72E0pKNH6ae2w5+xgVYZLzc5mlxAbGzF4shxMVK8YC2QQsfN38B2GPbj0jvrKWWNUElfclQ+YTykkNg/grw==}
    engines: {node: '>=14'}
    peerDependencies:
      '@opentelemetry/api': ^1.3.0
    dependencies:
      '@opentelemetry/api': 1.4.1
      '@types/shimmer': 1.0.2
      import-in-the-middle: 1.4.2
      require-in-the-middle: 7.2.0
      semver: 7.5.4
      shimmer: 1.2.1
    transitivePeerDependencies:
      - supports-color
    dev: false

  /@opentelemetry/propagator-b3@1.15.2(@opentelemetry/api@1.4.1):
    resolution: {integrity: sha512-ZSrL3DpMEDsjD8dPt9Ze3ue53nEXJt512KyxXlLgLWnSNbe1mrWaXWkh7OLDoVJh9LqFw+tlvAhDVt/x3DaFGg==}
    engines: {node: '>=14'}
    peerDependencies:
      '@opentelemetry/api': '>=1.0.0 <1.5.0'
    dependencies:
      '@opentelemetry/api': 1.4.1
      '@opentelemetry/core': 1.15.2(@opentelemetry/api@1.4.1)
    dev: false

  /@opentelemetry/propagator-jaeger@1.15.2(@opentelemetry/api@1.4.1):
    resolution: {integrity: sha512-6m1yu7PVDIRz6BwA36lacfBZJCfAEHKgu+kSyukNwVdVjsTNeyD9xNPQnkl0WN7Rvhk8/yWJ83tLPEyGhk1wCQ==}
    engines: {node: '>=14'}
    peerDependencies:
      '@opentelemetry/api': '>=1.0.0 <1.5.0'
    dependencies:
      '@opentelemetry/api': 1.4.1
      '@opentelemetry/core': 1.15.2(@opentelemetry/api@1.4.1)
    dev: false

  /@opentelemetry/resources@1.15.2(@opentelemetry/api@1.4.1):
    resolution: {integrity: sha512-xmMRLenT9CXmm5HMbzpZ1hWhaUowQf8UB4jMjFlAxx1QzQcsD3KFNAVX/CAWzFPtllTyTplrA4JrQ7sCH3qmYw==}
    engines: {node: '>=14'}
    peerDependencies:
      '@opentelemetry/api': '>=1.0.0 <1.5.0'
    dependencies:
      '@opentelemetry/api': 1.4.1
      '@opentelemetry/core': 1.15.2(@opentelemetry/api@1.4.1)
      '@opentelemetry/semantic-conventions': 1.15.2
    dev: false

  /@opentelemetry/sdk-trace-base@1.15.2(@opentelemetry/api@1.4.1):
    resolution: {integrity: sha512-BEaxGZbWtvnSPchV98qqqqa96AOcb41pjgvhfzDij10tkBhIu9m0Jd6tZ1tJB5ZHfHbTffqYVYE0AOGobec/EQ==}
    engines: {node: '>=14'}
    peerDependencies:
      '@opentelemetry/api': '>=1.0.0 <1.5.0'
    dependencies:
      '@opentelemetry/api': 1.4.1
      '@opentelemetry/core': 1.15.2(@opentelemetry/api@1.4.1)
      '@opentelemetry/resources': 1.15.2(@opentelemetry/api@1.4.1)
      '@opentelemetry/semantic-conventions': 1.15.2
    dev: false

  /@opentelemetry/sdk-trace-node@1.15.2(@opentelemetry/api@1.4.1):
    resolution: {integrity: sha512-5deakfKLCbPpKJRCE2GPI8LBE2LezyvR17y3t37ZI3sbaeogtyxmBaFV+slmG9fN8OaIT+EUsm1QAT1+z59gbQ==}
    engines: {node: '>=14'}
    peerDependencies:
      '@opentelemetry/api': '>=1.0.0 <1.5.0'
    dependencies:
      '@opentelemetry/api': 1.4.1
      '@opentelemetry/context-async-hooks': 1.15.2(@opentelemetry/api@1.4.1)
      '@opentelemetry/core': 1.15.2(@opentelemetry/api@1.4.1)
      '@opentelemetry/propagator-b3': 1.15.2(@opentelemetry/api@1.4.1)
      '@opentelemetry/propagator-jaeger': 1.15.2(@opentelemetry/api@1.4.1)
      '@opentelemetry/sdk-trace-base': 1.15.2(@opentelemetry/api@1.4.1)
      semver: 7.5.4
    dev: false

  /@opentelemetry/semantic-conventions@1.15.2:
    resolution: {integrity: sha512-CjbOKwk2s+3xPIMcd5UNYQzsf+v94RczbdNix9/kQh38WiQkM90sUOi3if8eyHFgiBjBjhwXrA7W3ydiSQP9mw==}
    engines: {node: '>=14'}
    dev: false

  /@types/prop-types@15.7.5:
    resolution: {integrity: sha512-JCB8C6SnDoQf0cNycqd/35A7MjcnK+ZTqE7judS6o7utxUCg6imJg3QK2qzHKszlTjcj2cn+NwMB2i96ubpj7w==}
    dev: true

  /@types/react-dom@18.2.7:
    resolution: {integrity: sha512-GRaAEriuT4zp9N4p1i8BDBYmEyfo+xQ3yHjJU4eiK5NDa1RmUZG+unZABUTK4/Ox/M+GaHwb6Ow8rUITrtjszA==}
    dependencies:
      '@types/react': 18.2.20
    dev: true

  /@types/react@18.2.20:
    resolution: {integrity: sha512-WKNtmsLWJM/3D5mG4U84cysVY31ivmyw85dE84fOCk5Hx78wezB/XEjVPWl2JTZ5FkEeaTJf+VgUAUn3PE7Isw==}
    dependencies:
      '@types/prop-types': 15.7.5
      '@types/scheduler': 0.16.3
      csstype: 3.1.2
    dev: true

  /@types/scheduler@0.16.3:
    resolution: {integrity: sha512-5cJ8CB4yAx7BH1oMvdU0Jh9lrEXyPkar6F9G/ERswkCuvP4KQZfZkSjcMbAICCpQTN4OuZn8tz0HiKv9TGZgrQ==}
    dev: true

  /@types/shimmer@1.0.2:
    resolution: {integrity: sha512-dKkr1bTxbEsFlh2ARpKzcaAmsYixqt9UyCdoEZk8rHyE4iQYcDCyvSjDSf7JUWJHlJiTtbIoQjxKh6ViywqDAg==}
    dev: false

  /abort-controller@3.0.0:
    resolution: {integrity: sha512-h8lQ8tacZYnR3vNQTgibj+tODHI5/+l06Au2Pcriv/Gmet0eaj4TwWH41sO9wnHDiQsEj19q0drzdWdeAHtweg==}
    engines: {node: '>=6.5'}
    dependencies:
      event-target-shim: 5.0.1

  /acorn-import-assertions@1.9.0(acorn@8.10.0):
    resolution: {integrity: sha512-cmMwop9x+8KFhxvKrKfPYmN6/pKTYYHBqLa0DfvVZcKMJWNyWLnaqND7dx/qn66R7ewM1UX5XMaDVP5wlVTaVA==}
    peerDependencies:
      acorn: ^8
    dependencies:
      acorn: 8.10.0
    dev: false

  /acorn@8.10.0:
    resolution: {integrity: sha512-F0SAmZ8iUtS//m8DmCTA0jlh6TDKkHQyK6xc6V4KDTyZKA9dnvX9/3sRTVQrWm79glUAZbnmmNcdYwUIHWVybw==}
    engines: {node: '>=0.4.0'}
    hasBin: true
    dev: false

  /atomic-sleep@1.0.0:
    resolution: {integrity: sha512-kNOjDqAh7px0XWNI+4QbzoiR/nTkHAWNud2uvnJquD1/x5a7EQZMJT0AczqK0Qn67oY/TTQ1LbUKajZpp3I9tQ==}
    engines: {node: '>=8.0.0'}

  /balanced-match@1.0.2:
    resolution: {integrity: sha512-3oSeUO0TMV67hN1AmbXsK4yaqU7tjiHlbxRDZOpH0KW9+CeX4bRAaX0Anxt0tx2MrpRpWwQaPwIlISEJhYU5Pw==}
    dev: true

  /base64-js@1.5.1:
    resolution: {integrity: sha512-AKpaYlHn8t4SVbOHCy+b5+KKgvR4vrsD8vbvrbiQJps7fKDTkjkDry6ji0rUJjC0kzbNePLwzxq8iypo41qeWA==}

  /brace-expansion@2.0.1:
    resolution: {integrity: sha512-XnAIvQ8eM+kC6aULx6wuQiwVsnzsi9d3WxzV3FpWTGA19F621kwdbsAcFKXgKUHZWsy+mY6iL1sHTxWEFCytDA==}
    dependencies:
      balanced-match: 1.0.2
    dev: true

  /buffer@6.0.3:
    resolution: {integrity: sha512-FTiCpNxtwiZZHEZbcbTIcZjERVICn9yq/pDFkTl95/AxzD1naBctN7YO68riM/gLSDY7sdrMby8hofADYuuqOA==}
    dependencies:
      base64-js: 1.5.1
      ieee754: 1.2.1

  /bun-types@0.7.3:
    resolution: {integrity: sha512-kssLD5mDLoawmLZFgQRRq0Wy+dca/os6TZ0MHWyFVoVAEwSrpAxmNCZ1K1GUelfhlDaL2FikRxeF9GkATdzXZg==}
    dev: false

  /cjs-module-lexer@1.2.3:
    resolution: {integrity: sha512-0TNiGstbQmCFwt4akjjBg5pLRTSyj/PkWQ1ZoO2zntmg9yLqSRxwEa4iCfQLGjqhiqBfOJa7W/E8wfGrTDmlZQ==}
    dev: false

  /classnames@2.3.2:
    resolution: {integrity: sha512-CSbhY4cFEJRe6/GQzIk5qXZ4Jeg5pcsP7b5peFSDpffpe1cqjASH/n9UTjBwOp6XpMSTwQ8Za2K5V02ueA7Tmw==}
    dev: false

  /colorette@2.0.20:
    resolution: {integrity: sha512-IfEDxwoWIjkeXL1eXcDiow4UbKjhLdq6/EuSVR9GMN7KVH3r9gQ83e73hsz1Nd1T3ijd5xv1wcWRYO+D6kCI2w==}
    dev: true

  /csstype@3.1.2:
    resolution: {integrity: sha512-I7K1Uu0MBPzaFKg4nI5Q7Vs2t+3gWWW648spaF+Rg7pI9ds18Ugn+lvg4SHczUdKlHI5LWBXyqfS8+DufyBsgQ==}
    dev: true

  /dateformat@4.6.3:
    resolution: {integrity: sha512-2P0p0pFGzHS5EMnhdxQi7aJN+iMheud0UhG4dlE1DLAlvL8JHjJJTX/CSm4JXwV0Ka5nGk3zC5mcb5bUQUxxMA==}
    dev: true

  /debug@4.3.4:
    resolution: {integrity: sha512-PRWFHuSU3eDtQJPvnNY7Jcket1j0t5OuOsFzPPzsekD52Zl8qUfFIPEiswXqIvHWGVHOgX+7G/vCNNhehwxfkQ==}
    engines: {node: '>=6.0'}
    peerDependencies:
      supports-color: '*'
    peerDependenciesMeta:
      supports-color:
        optional: true
    dependencies:
      ms: 2.1.2
    dev: false

  /end-of-stream@1.4.4:
    resolution: {integrity: sha512-+uw1inIHVPQoaVuHzRyXd21icM+cnt4CzD5rW+NC1wjOUSTOs+Te7FOv7AhN7vS9x/oIyhLP5PR1H+phQAHu5Q==}
    dependencies:
      once: 1.4.0
    dev: true

  /event-target-shim@5.0.1:
    resolution: {integrity: sha512-i/2XbnSz/uxRCU6+NdVJgKWDTM427+MqYbkQzD321DuCQJUqOuJKIA0IM2+W2xtYHdKOmZ4dR6fExsd4SXL+WQ==}
    engines: {node: '>=6'}

  /events@3.3.0:
    resolution: {integrity: sha512-mQw+2fkQbALzQ7V0MY0IqdnXNOeTtP4r0lN9z7AAawCXgqea7bDii20AYrIBrFd/Hx0M2Ocz6S111CaFkUcb0Q==}
    engines: {node: '>=0.8.x'}

  /fast-copy@3.0.1:
    resolution: {integrity: sha512-Knr7NOtK3HWRYGtHoJrjkaWepqT8thIVGAwt0p0aUs1zqkAzXZV4vo9fFNwyb5fcqK1GKYFYxldQdIDVKhUAfA==}
    dev: true

  /fast-redact@3.3.0:
    resolution: {integrity: sha512-6T5V1QK1u4oF+ATxs1lWUmlEk6P2T9HqJG3e2DnHOdVgZy2rFJBoEnrIedcTXlkAHU/zKC+7KETJ+KGGKwxgMQ==}
    engines: {node: '>=6'}
    dev: false

  /fast-safe-stringify@2.1.1:
    resolution: {integrity: sha512-W+KJc2dmILlPplD/H4K9l9LcAHAfPtP6BY84uVLXQ6Evcz9Lcg33Y2z1IVblT6xdY54PXYVHEv+0Wpq8Io6zkA==}
    dev: true

  /fs.realpath@1.0.0:
    resolution: {integrity: sha512-OO0pH2lK6a0hZnAdau5ItzHPI6pUlvI7jMVnxUQRtw4owF2wk8lOSabtGDCTP4Ggrg2MbGnWO9X8K1t4+fGMDw==}
    dev: true

  /function-bind@1.1.1:
    resolution: {integrity: sha512-yIovAzMX49sF8Yl58fSCWJ5svSLuaibPxXQJFLmBObTuCr0Mf1KiPopGM9NiFjiYBCbfaa2Fh6breQ6ANVTI0A==}
    dev: false

  /glob@8.1.0:
    resolution: {integrity: sha512-r8hpEjiQEYlF2QU0df3dS+nxxSIreXQS1qRhMJM0Q5NDdR386C7jb7Hwwod8Fgiuex+k0GFjgft18yvxm5XoCQ==}
    engines: {node: '>=12'}
    dependencies:
      fs.realpath: 1.0.0
      inflight: 1.0.6
      inherits: 2.0.4
      minimatch: 5.1.6
      once: 1.4.0
    dev: true

  /has@1.0.3:
    resolution: {integrity: sha512-f2dvO0VU6Oej7RkWJGrehjbzMAjFp5/VKPp5tTpWIV4JHHZK1/BxbFRtf/siA2SWTe09caDmVtYYzWEIbBS4zw==}
    engines: {node: '>= 0.4.0'}
    dependencies:
      function-bind: 1.1.1
    dev: false

  /help-me@4.2.0:
    resolution: {integrity: sha512-TAOnTB8Tz5Dw8penUuzHVrKNKlCIbwwbHnXraNJxPwf8LRtE2HlM84RYuezMFcwOJmoYOCWVDyJ8TQGxn9PgxA==}
    dependencies:
      glob: 8.1.0
      readable-stream: 3.6.2
    dev: true

  /ieee754@1.2.1:
    resolution: {integrity: sha512-dcyqhDvX1C46lXZcVqCpK+FtMRQVdIMN6/Df5js2zouUsqG7I6sFxitIC+7KYK29KdXOLHdu9zL4sFnoVQnqaA==}

  /import-in-the-middle@1.4.2:
    resolution: {integrity: sha512-9WOz1Yh/cvO/p69sxRmhyQwrIGGSp7EIdcb+fFNVi7CzQGQB8U1/1XrKVSbEd/GNOAeM0peJtmi7+qphe7NvAw==}
    dependencies:
      acorn: 8.10.0
      acorn-import-assertions: 1.9.0(acorn@8.10.0)
      cjs-module-lexer: 1.2.3
      module-details-from-path: 1.0.3
    dev: false

  /inflight@1.0.6:
    resolution: {integrity: sha512-k92I/b08q4wvFscXCLvqfsHCrjrF7yiXsQuIVvVE7N82W3+aqpzuUdBbfhWcy/FZR3/4IgflMgKLOsvPDrGCJA==}
    dependencies:
      once: 1.4.0
      wrappy: 1.0.2
    dev: true

  /inherits@2.0.4:
    resolution: {integrity: sha512-k/vGaX4/Yla3WzyMCvTQOXYeIHvqOKtnqBduzTHpzpQZzAskKMhZ2K+EnBiSM9zGSoIFeMpXKxa4dYeZIQqewQ==}
    dev: true

  /is-core-module@2.13.0:
    resolution: {integrity: sha512-Z7dk6Qo8pOCp3l4tsX2C5ZVas4V+UxwQodwZhLopL91TX8UyyHEXafPcyoeeWuLrwzHcr3igO78wNLwHJHsMCQ==}
    dependencies:
      has: 1.0.3
    dev: false

  /joycon@3.1.1:
    resolution: {integrity: sha512-34wB/Y7MW7bzjKRjUKTa46I2Z7eV62Rkhva+KkopW7Qvv/OSWBqvkSY7vusOPrNuZcUG3tApvdVgNB8POj3SPw==}
    engines: {node: '>=10'}
    dev: true

  /js-tokens@4.0.0:
    resolution: {integrity: sha512-RdJUflcE3cUzKiMqQgsCu06FPu9UdIJO0beYbPhHN4k6apgJtifcoCtT9bcxOpYBtpD2kCM6Sbzg4CausW/PKQ==}
    dev: false

  /loose-envify@1.4.0:
    resolution: {integrity: sha512-lyuxPGr/Wfhrlem2CL/UcnUc1zcqKAImBDzukY7Y5F/yQiNdko6+fRLevlw1HgMySw7f611UIY408EtxRSoK3Q==}
    hasBin: true
    dependencies:
      js-tokens: 4.0.0
    dev: false

  /lru-cache@6.0.0:
    resolution: {integrity: sha512-Jo6dJ04CmSjuznwJSS3pUeWmd/H0ffTlkXXgwZi+eq1UCmqQwCh+eLsYOYCwY991i2Fah4h1BEMCx4qThGbsiA==}
    engines: {node: '>=10'}
    dependencies:
      yallist: 4.0.0
    dev: false

  /minimatch@5.1.6:
    resolution: {integrity: sha512-lKwV/1brpG6mBUFHtb7NUmtABCb2WZZmm2wNiOA5hAb8VdCS4B3dtMWyvcoViccwAW/COERjXLt0zP1zXUN26g==}
    engines: {node: '>=10'}
    dependencies:
      brace-expansion: 2.0.1
    dev: true

  /minimist@1.2.8:
    resolution: {integrity: sha512-2yyAR8qBkN3YuheJanUpWC5U3bb5osDywNB8RzDVlDwDHbocAJveqqj1u8+SVD7jkWT4yvsHCpWqqWqAxb0zCA==}
    dev: true

  /module-details-from-path@1.0.3:
    resolution: {integrity: sha512-ySViT69/76t8VhE1xXHK6Ch4NcDd26gx0MzKXLO+F7NOtnqH68d9zF94nT8ZWSxXh8ELOERsnJO/sWt1xZYw5A==}
    dev: false

  /ms@2.1.2:
    resolution: {integrity: sha512-sGkPx+VjMtmA6MX27oA4FBFELFCZZ4S4XqeGOXCv68tT+jb3vk/RyaKWP0PTKyWtmLSM0b+adUTEvbs1PEaH2w==}
    dev: false

  /on-exit-leak-free@2.1.0:
    resolution: {integrity: sha512-VuCaZZAjReZ3vUwgOB8LxAosIurDiAW0s13rI1YwmaP++jvcxP77AWoQvenZebpCA2m8WC1/EosPYPMjnRAp/w==}

  /once@1.4.0:
    resolution: {integrity: sha512-lNaJgI+2Q5URQBkccEKHTQOPaXdUxnZZElQTZY0MFUAuaEqe1E+Nyvgdz/aIyNi6Z9MzO5dv1H8n58/GELp3+w==}
    dependencies:
      wrappy: 1.0.2
    dev: true

  /path-parse@1.0.7:
    resolution: {integrity: sha512-LDJzPVEEEPR+y48z93A0Ed0yXb8pAByGWo/k5YYdYgpY2/2EsOsksJrq7lOHxryrVOn1ejG6oAp8ahvOIQD8sw==}
    dev: false

  /pino-abstract-transport@1.0.0:
    resolution: {integrity: sha512-c7vo5OpW4wIS42hUVcT5REsL8ZljsUfBjqV/e2sFxmFEFZiq1XLUp5EYLtuDH6PEHq9W1egWqRbnLUP5FuZmOA==}
    dependencies:
      readable-stream: 4.4.2
      split2: 4.2.0

  /pino-pretty@10.2.0:
    resolution: {integrity: sha512-tRvpyEmGtc2D+Lr3FulIZ+R1baggQ4S3xD2Ar93KixFEDx6SEAUP3W5aYuEw1C73d6ROrNcB2IXLteW8itlwhA==}
    hasBin: true
    dependencies:
      colorette: 2.0.20
      dateformat: 4.6.3
      fast-copy: 3.0.1
      fast-safe-stringify: 2.1.1
      help-me: 4.2.0
      joycon: 3.1.1
      minimist: 1.2.8
      on-exit-leak-free: 2.1.0
      pino-abstract-transport: 1.0.0
      pump: 3.0.0
      readable-stream: 4.4.2
      secure-json-parse: 2.7.0
      sonic-boom: 3.3.0
      strip-json-comments: 3.1.1
    dev: true

  /pino-std-serializers@6.2.2:
    resolution: {integrity: sha512-cHjPPsE+vhj/tnhCy/wiMh3M3z3h/j15zHQX+S9GkTBgqJuTuJzYJ4gUyACLhDaJ7kk9ba9iRDmbH2tJU03OiA==}
    dev: false

  /pino@8.15.0:
    resolution: {integrity: sha512-olUADJByk4twxccmAxb1RiGKOSvddHugCV3wkqjyv+3Sooa2KLrmXrKEWOKi0XPCLasRR5jBXxioE1jxUa4KzQ==}
    hasBin: true
    dependencies:
      atomic-sleep: 1.0.0
      fast-redact: 3.3.0
      on-exit-leak-free: 2.1.0
      pino-abstract-transport: 1.0.0
      pino-std-serializers: 6.2.2
      process-warning: 2.2.0
      quick-format-unescaped: 4.0.4
      real-require: 0.2.0
      safe-stable-stringify: 2.4.3
      sonic-boom: 3.3.0
      thread-stream: 2.4.0
    dev: false

  /process-warning@2.2.0:
    resolution: {integrity: sha512-/1WZ8+VQjR6avWOgHeEPd7SDQmFQ1B5mC1eRXsCm5TarlNmx/wCsa5GEaxGm05BORRtyG/Ex/3xq3TuRvq57qg==}
    dev: false

  /process@0.11.10:
    resolution: {integrity: sha512-cdGef/drWFoydD1JsMzuFf8100nZl+GT+yacc2bEced5f9Rjk4z+WtFUTBu9PhOi9j/jfmBPu0mMEY4wIdAF8A==}
    engines: {node: '>= 0.6.0'}

  /pump@3.0.0:
    resolution: {integrity: sha512-LwZy+p3SFs1Pytd/jYct4wpv49HiYCqd9Rlc5ZVdk0V+8Yzv6jR5Blk3TRmPL1ft69TxP0IMZGJ+WPFU2BFhww==}
    dependencies:
      end-of-stream: 1.4.4
      once: 1.4.0
    dev: true

  /quick-format-unescaped@4.0.4:
    resolution: {integrity: sha512-tYC1Q1hgyRuHgloV/YXs2w15unPVh8qfu/qCTfhTYamaw7fyhumKa2yGpdSo87vY32rIclj+4fWYQXUMs9EHvg==}
    dev: false

  /react-dom@18.2.0(react@18.2.0):
    resolution: {integrity: sha512-6IMTriUmvsjHUjNtEDudZfuDQUoWXVxKHhlEGSk81n4YFS+r/Kl99wXiwlVXtPBtJenozv2P+hxDsw9eA7Xo6g==}
    peerDependencies:
      react: ^18.2.0
    dependencies:
      loose-envify: 1.4.0
      react: 18.2.0
      scheduler: 0.23.0
    dev: false

  /react@18.2.0:
    resolution: {integrity: sha512-/3IjMdb2L9QbBdWiW5e3P2/npwMBaU9mHCSCUzNln0ZCYbcfTsGbTJrU/kGemdH2IWmB2ioZ+zkxtmq6g09fGQ==}
    engines: {node: '>=0.10.0'}
    dependencies:
      loose-envify: 1.4.0
    dev: false

  /readable-stream@3.6.2:
    resolution: {integrity: sha512-9u/sniCrY3D5WdsERHzHE4G2YCXqoG5FTHUiCC4SIbr6XcLZBY05ya9EKjYek9O5xOAwjGq+1JdGBAS7Q9ScoA==}
    engines: {node: '>= 6'}
    dependencies:
      inherits: 2.0.4
      string_decoder: 1.3.0
      util-deprecate: 1.0.2
    dev: true

  /readable-stream@4.4.2:
    resolution: {integrity: sha512-Lk/fICSyIhodxy1IDK2HazkeGjSmezAWX2egdtJnYhtzKEsBPJowlI6F6LPb5tqIQILrMbx22S5o3GuJavPusA==}
    engines: {node: ^12.22.0 || ^14.17.0 || >=16.0.0}
    dependencies:
      abort-controller: 3.0.0
      buffer: 6.0.3
      events: 3.3.0
      process: 0.11.10
      string_decoder: 1.3.0

  /real-require@0.2.0:
    resolution: {integrity: sha512-57frrGM/OCTLqLOAh0mhVA9VBMHd+9U7Zb2THMGdBUoZVOtGbJzjxsYGDJ3A9AYYCP4hn6y1TVbaOfzWtm5GFg==}
    engines: {node: '>= 12.13.0'}
    dev: false

  /require-in-the-middle@7.2.0:
    resolution: {integrity: sha512-3TLx5TGyAY6AOqLBoXmHkNql0HIf2RGbuMgCDT2WO/uGVAPJs6h7Kl+bN6TIZGd9bWhWPwnDnTHGtW8Iu77sdw==}
    engines: {node: '>=8.6.0'}
    dependencies:
      debug: 4.3.4
      module-details-from-path: 1.0.3
      resolve: 1.22.4
    transitivePeerDependencies:
      - supports-color
    dev: false

  /resolve@1.22.4:
    resolution: {integrity: sha512-PXNdCiPqDqeUou+w1C2eTQbNfxKSuMxqTCuvlmmMsk1NWHL5fRrhY6Pl0qEYYc6+QqGClco1Qj8XnjPego4wfg==}
    hasBin: true
    dependencies:
      is-core-module: 2.13.0
      path-parse: 1.0.7
      supports-preserve-symlinks-flag: 1.0.0
    dev: false

  /safe-buffer@5.2.1:
    resolution: {integrity: sha512-rp3So07KcdmmKbGvgaNxQSJr7bGVSVk5S9Eq1F+ppbRo70+YeaDxkw5Dd8NPN+GD6bjnYm2VuPuCXmpuYvmCXQ==}

  /safe-stable-stringify@2.4.3:
    resolution: {integrity: sha512-e2bDA2WJT0wxseVd4lsDP4+3ONX6HpMXQa1ZhFQ7SU+GjvORCmShbCMltrtIDfkYhVHrOcPtj+KhmDBdPdZD1g==}
    engines: {node: '>=10'}
    dev: false

  /scheduler@0.23.0:
    resolution: {integrity: sha512-CtuThmgHNg7zIZWAXi3AsyIzA3n4xx7aNyjwC2VJldO2LMVDhFK+63xGqq6CsJH4rTAt6/M+N4GhZiDYPx9eUw==}
    dependencies:
      loose-envify: 1.4.0
    dev: false

  /secure-json-parse@2.7.0:
    resolution: {integrity: sha512-6aU+Rwsezw7VR8/nyvKTx8QpWH9FrcYiXXlqC4z5d5XQBDRqtbfsRjnwGyqbi3gddNtWHuEk9OANUotL26qKUw==}
    dev: true

  /semver@7.5.4:
    resolution: {integrity: sha512-1bCSESV6Pv+i21Hvpxp3Dx+pSD8lIPt8uVjRrxAUt/nbswYc+tK6Y2btiULjd4+fnq15PX+nqQDC7Oft7WkwcA==}
    engines: {node: '>=10'}
    hasBin: true
    dependencies:
      lru-cache: 6.0.0
    dev: false

  /shimmer@1.2.1:
    resolution: {integrity: sha512-sQTKC1Re/rM6XyFM6fIAGHRPVGvyXfgzIDvzoq608vM+jeyVD0Tu1E6Np0Kc2zAIFWIj963V2800iF/9LPieQw==}
    dev: false

  /sonic-boom@3.3.0:
    resolution: {integrity: sha512-LYxp34KlZ1a2Jb8ZQgFCK3niIHzibdwtwNUWKg0qQRzsDoJ3Gfgkf8KdBTFU3SkejDEIlWwnSnpVdOZIhFMl/g==}
    dependencies:
      atomic-sleep: 1.0.0

  /split2@4.2.0:
    resolution: {integrity: sha512-UcjcJOWknrNkF6PLX83qcHM6KHgVKNkV62Y8a5uYDVv9ydGQVwAHMKqHdJje1VTWpljG0WYpCDhrCdAOYH4TWg==}
    engines: {node: '>= 10.x'}

  /string_decoder@1.3.0:
    resolution: {integrity: sha512-hkRX8U1WjJFd8LsDJ2yQ/wWWxaopEsABU1XfkM8A+j0+85JAGppt16cr1Whg6KIbb4okU6Mql6BOj+uup/wKeA==}
    dependencies:
      safe-buffer: 5.2.1

  /strip-json-comments@3.1.1:
    resolution: {integrity: sha512-6fPc+R4ihwqP6N/aIv2f1gMH8lOVtWQHoqC4yK6oSDVVocumAsfCqjkXnqiYMhmMwS/mEHLp7Vehlt3ql6lEig==}
    engines: {node: '>=8'}
    dev: true

  /supports-preserve-symlinks-flag@1.0.0:
    resolution: {integrity: sha512-ot0WnXS9fgdkgIcePe6RHNk1WA8+muPa6cSjeR3V8K27q9BB1rTE3R1p7Hv0z1ZyAc8s6Vvv8DIyWf681MAt0w==}
    engines: {node: '>= 0.4'}
    dev: false

  /thread-stream@2.4.0:
    resolution: {integrity: sha512-xZYtOtmnA63zj04Q+F9bdEay5r47bvpo1CaNqsKi7TpoJHcotUez8Fkfo2RJWpW91lnnaApdpRbVwCWsy+ifcw==}
    dependencies:
      real-require: 0.2.0
    dev: false

  /typescript@5.1.6:
    resolution: {integrity: sha512-zaWCozRZ6DLEWAWFrVDz1H6FVXzUSfTy5FUMWsQlU8Ym5JP9eO4xkTIROFCQvhQf61z6O/G6ugw3SgAnvvm+HA==}
    engines: {node: '>=14.17'}
    hasBin: true
    dev: false

  /util-deprecate@1.0.2:
    resolution: {integrity: sha512-EPD5q1uXyFxJpCrLnCc1nHnq3gOa6DZBocAIiI2TaSCA7VCJ1UJDMagCzIkXNsUYfD1daK//LTEQ8xiIbrHtcw==}
    dev: true

  /wrappy@1.0.2:
    resolution: {integrity: sha512-l4Sp/DRseor9wL6EvV2+TuQn63dMkPjZ/sp9XkghTEbV9KlPS1xUsZ3u7/IQO4wxtcFB4bgpQPRcR3QCvezPcQ==}
    dev: true

  /yallist@4.0.0:
    resolution: {integrity: sha512-3wdGidZyq5PB084XLES5TpOSRA3wjXAlIWMhum2kRcv/41Sn2emQ0dycQW4uZXLejwKvg6EsvbdlVL+FYEct7A==}
    dev: false

  /zod@3.22.2:
    resolution: {integrity: sha512-wvWkphh5WQsJbVk1tbx1l1Ly4yg+XecD+Mq280uBGt9wa5BKSWf4Mhp6GmrkPixhMxmabYY7RbzlwVP32pbGCg==}
    dev: false
